
Microsoft Visual Studio Solution File, Format Version 12.00
# Visual Studio Version 17
VisualStudioVersion = 17.7.34031.279
MinimumVisualStudioVersion = 10.0.40219.1
Project("{FAE04EC0-301F-11D3-BF4B-00C04F79EFBC}") = "ProductManagement", "ProductManagement\ProductManagement.csproj", "{04F9DB18-B6F4-410F-BCA5-8F33AFD96E6F}"
EndProject
Project("{FAE04EC0-301F-11D3-BF4B-00C04F79EFBC}") = "ProductManagement.Entities", "ProductManagement.Entities\ProductManagement.Entities.csproj", "{11B7EC65-651E-479E-8FE1-73385EA8659A}"
EndProject
Project("{FAE04EC0-301F-11D3-BF4B-00C04F79EFBC}") = "ProductManagement.Repositories", "ProductManagement.Repositories\ProductManagement.Repositories.csproj", "{07B2A3A8-CAEC-4BAD-896E-4016DC990A92}"
EndProject
Global
	GlobalSection(SolutionConfigurationPlatforms) = preSolution
		Debug|Any CPU = Debug|Any CPU
		Release|Any CPU = Release|Any CPU
	EndGlobalSection
	GlobalSection(ProjectConfigurationPlatforms) = postSolution
		{04F9DB18-B6F4-410F-BCA5-8F33AFD96E6F}.Debug|Any CPU.ActiveCfg = Debug|Any CPU
		{04F9DB18-B6F4-410F-BCA5-8F33AFD96E6F}.Debug|Any CPU.Build.0 = Debug|Any CPU
		{04F9DB18-B6F4-410F-BCA5-8F33AFD96E6F}.Release|Any CPU.ActiveCfg = Release|Any CPU
		{04F9DB18-B6F4-410F-BCA5-8F33AFD96E6F}.Release|Any CPU.Build.0 = Release|Any CPU
		{11B7EC65-651E-479E-8FE1-73385EA8659A}.Debug|Any CPU.ActiveCfg = Debug|Any CPU
		{11B7EC65-651E-479E-8FE1-73385EA8659A}.Debug|Any CPU.Build.0 = Debug|Any CPU
		{11B7EC65-651E-479E-8FE1-73385EA8659A}.Release|Any CPU.ActiveCfg = Release|Any CPU
		{11B7EC65-651E-479E-8FE1-73385EA8659A}.Release|Any CPU.Build.0 = Release|Any CPU
		{07B2A3A8-CAEC-4BAD-896E-4016DC990A92}.Debug|Any CPU.ActiveCfg = Debug|Any CPU
		{07B2A3A8-CAEC-4BAD-896E-4016DC990A92}.Debug|Any CPU.Build.0 = Debug|Any CPU
		{07B2A3A8-CAEC-4BAD-896E-4016DC990A92}.Release|Any CPU.ActiveCfg = Release|Any CPU
		{07B2A3A8-CAEC-4BAD-896E-4016DC990A92}.Release|Any CPU.Build.0 = Release|Any CPU
	EndGlobalSection
	GlobalSection(SolutionProperties) = preSolution
		HideSolutionNode = FALSE
	EndGlobalSection
	GlobalSection(ExtensibilityGlobals) = postSolution
		SolutionGuid = {FFFECDAC-4786-4033-8B80-1CBC8EE1DB08}
	EndGlobalSection
EndGlobal
